{
  "name": "Janal-Kaaj",
  "lockfileVersion": 2,
  "requires": true,
  "packages": {
    "": {
      "dependencies": {
        "@supercharge/strings": "^2.0.0",
        "@sweetalert2/themes": "^5.0.15",
        "sweetalert2": "^11.6.16"
      }
    },
    "node_modules/@supercharge/strings": {
      "version": "2.0.0",
      "resolved": "https://registry.npmjs.org/@supercharge/strings/-/strings-2.0.0.tgz",
      "integrity": "sha512-x4l2Xfm9Hcag12FBoRtTYQYdgHanL9LMNo9AV2ZDJ6JQyJ7ftgS17DWGEEtsohVhEpAJ0YQk2DeZz0JsdIQuDA==",
      "dependencies": {
        "uuid": "~9.0.0"
      }
    },
    "node_modules/@sweetalert2/themes": {
      "version": "5.0.15",
      "resolved": "https://registry.npmjs.org/@sweetalert2/themes/-/themes-5.0.15.tgz",
      "integrity": "sha512-uGU7CynpjRc3cllTqZEvXiZTpfQ6MN4faG+Tf0VFW81bLysCQm00iHS3NJLZx5STRfxpM5SzqeVXpAzJyTG/WA==",
      "peerDependencies": {
        "sweetalert2": "^11.0.0"
      }
    },
    "node_modules/sweetalert2": {
      "version": "11.6.16",
      "resolved": "https://registry.npmjs.org/sweetalert2/-/sweetalert2-11.6.16.tgz",
      "integrity": "sha512-T2FO8LptErsjE4r0WMfiSk4YbeUvPadNaUZ/cADMEOnws000znrf8zFX9S5e/spvzJDyRI5En73WQyDZhGypxQ==",
      "funding": {
        "type": "individual",
        "url": "https://github.com/sponsors/limonte"
      }
    },
    "node_modules/uuid": {
      "version": "9.0.0",
      "resolved": "https://registry.npmjs.org/uuid/-/uuid-9.0.0.tgz",
      "integrity": "sha512-MXcSTerfPa4uqyzStbRoTgt5XIe3x5+42+q1sDuy3R5MDk66URdLMOZe5aPX/SQd+kuYAh0FdP/pO28IkQyTeg==",
      "bin": {
        "uuid": "dist/bin/uuid"
      }
    }
  },
  "dependencies": {
    "@supercharge/strings": {
      "version": "2.0.0",
      "resolved": "https://registry.npmjs.org/@supercharge/strings/-/strings-2.0.0.tgz",
      "integrity": "sha512-x4l2Xfm9Hcag12FBoRtTYQYdgHanL9LMNo9AV2ZDJ6JQyJ7ftgS17DWGEEtsohVhEpAJ0YQk2DeZz0JsdIQuDA==",
      "requires": {
        "uuid": "~9.0.0"
      }
    },
    "@sweetalert2/themes": {
      "version": "5.0.15",
      "resolved": "https://registry.npmjs.org/@sweetalert2/themes/-/themes-5.0.15.tgz",
      "integrity": "sha512-uGU7CynpjRc3cllTqZEvXiZTpfQ6MN4faG+Tf0VFW81bLysCQm00iHS3NJLZx5STRfxpM5SzqeVXpAzJyTG/WA==",
      "requires": {}
    },
    "sweetalert2": {
      "version": "11.6.16",
      "resolved": "https://registry.npmjs.org/sweetalert2/-/sweetalert2-11.6.16.tgz",
      "integrity": "sha512-T2FO8LptErsjE4r0WMfiSk4YbeUvPadNaUZ/cADMEOnws000znrf8zFX9S5e/spvzJDyRI5En73WQyDZhGypxQ=="
    },
    "uuid": {
      "version": "9.0.0",
      "resolved": "https://registry.npmjs.org/uuid/-/uuid-9.0.0.tgz",
      "integrity": "sha512-MXcSTerfPa4uqyzStbRoTgt5XIe3x5+42+q1sDuy3R5MDk66URdLMOZe5aPX/SQd+kuYAh0FdP/pO28IkQyTeg=="
    }
  }
}
